
Microsoft Visual Studio Solution File, Format Version 12.00
# Visual Studio Version 16
VisualStudioVersion = 16.0.29306.81
MinimumVisualStudioVersion = 10.0.40219.1
Project("{FAE04EC0-301F-11D3-BF4B-00C04F79EFBC}") = "vjezbaProvjeraZnanja", "vjezbaProvjeraZnanja\vjezbaProvjeraZnanja.csproj", "{304CFB59-5E35-4C16-9AD7-B5C3347A95E3}"
EndProject
Global
	GlobalSection(SolutionConfigurationPlatforms) = preSolution
		Debug|Any CPU = Debug|Any CPU
		Release|Any CPU = Release|Any CPU
	EndGlobalSection
	GlobalSection(ProjectConfigurationPlatforms) = postSolution
		{304CFB59-5E35-4C16-9AD7-B5C3347A95E3}.Debug|Any CPU.ActiveCfg = Debug|Any CPU
		{304CFB59-5E35-4C16-9AD7-B5C3347A95E3}.Debug|Any CPU.Build.0 = Debug|Any CPU
		{304CFB59-5E35-4C16-9AD7-B5C3347A95E3}.Release|Any CPU.ActiveCfg = Release|Any CPU
		{304CFB59-5E35-4C16-9AD7-B5C3347A95E3}.Release|Any CPU.Build.0 = Release|Any CPU
	EndGlobalSection
	GlobalSection(SolutionProperties) = preSolution
		HideSolutionNode = FALSE
	EndGlobalSection
	GlobalSection(ExtensibilityGlobals) = postSolution
		SolutionGuid = {DA7D01B1-B23E-4C32-8D28-EA91D1F1E98C}
	EndGlobalSection
EndGlobal
